<?xml version="1.0" encoding="utf-8"?>
<Project ToolsVersion="4.0" xmlns="http://schemas.microsoft.com/developer/msbuild/2003">
  <ItemGroup>
    <Filter Include="Source Files">
      <UniqueIdentifier>{4FC737F1-C7A5-4376-A066-2A32D752A2FF}</UniqueIdentifier>
      <Extensions>cpp;c;cc;cxx;def;odl;idl;hpj;bat;asm;asmx</Extensions>
    </Filter>
    <Filter Include="Header Files">
      <UniqueIdentifier>{93995380-89BD-4b04-88EB-625FBE52EBFB}</UniqueIdentifier>
      <Extensions>h;hh;hpp;hxx;hm;inl;inc;ipp;xsd</Extensions>
    </Filter>
    <Filter Include="Resource Files">
      <UniqueIdentifier>{67DA6AB6-F800-4c08-8B7A-83BB121AAD01}</UniqueIdentifier>
      <Extensions>rc;ico;cur;bmp;dlg;rc2;rct;bin;rgs;gif;jpg;jpeg;jpe;resx;tiff;tif;png;wav;mfcribbon-ms</Extensions>
    </Filter>
    <Filter Include="Source Files\Store">
      <UniqueIdentifier>{f5333157-9ec9-4bb8-beaa-4416da4898b6}</UniqueIdentifier>
    </Filter>
    <Filter Include="Source Files\Module">
      <UniqueIdentifier>{6e699cc1-ae2d-447d-942f-1b6c9ead2225}</UniqueIdentifier>
    </Filter>
    <Filter Include="Source Files\Module\Video">
      <UniqueIdentifier>{272da8c7-8b68-4a20-95c9-2c55529fc891}</UniqueIdentifier>
    </Filter>
    <Filter Include="Source Files\Module\Video\LG">
      <UniqueIdentifier>{e1c714f9-d340-4c9c-89a0-751db2ec9cbc}</UniqueIdentifier>
    </Filter>
    <Filter Include="Source Files\Module\Video\Mobis">
      <UniqueIdentifier>{6846aa36-1071-4b45-8142-65c3c24e8dad}</UniqueIdentifier>
    </Filter>
    <Filter Include="Source Files\Adapter">
      <UniqueIdentifier>{8cc1d907-5b03-4579-bb78-121374bd170d}</UniqueIdentifier>
    </Filter>
    <Filter Include="Source Files\Module\Navi">
      <UniqueIdentifier>{dbe213d8-06e7-41c6-a3b6-e7129e2a325d}</UniqueIdentifier>
    </Filter>
    <Filter Include="Source Files\Module\Navi\LG">
      <UniqueIdentifier>{3f7f899e-a7ff-4702-a546-c785fc75346a}</UniqueIdentifier>
    </Filter>
    <Filter Include="Source Files\Module\Navi\Mobis">
      <UniqueIdentifier>{c9a523d2-99de-466d-af18-d50e0afb4d37}</UniqueIdentifier>
    </Filter>
    <Filter Include="Source Files\Module\Navi\MemoryMonitor">
      <UniqueIdentifier>{9e754215-4077-46a1-a0d7-6ea7e0ccbc5d}</UniqueIdentifier>
    </Filter>
    <Filter Include="Source Files\Module\Navi\CpuMonitor">
      <UniqueIdentifier>{bf79fff7-b036-40e2-86a5-0b4a311965ab}</UniqueIdentifier>
    </Filter>
    <Filter Include="Source Files\Module\Navi\DrawCache">
      <UniqueIdentifier>{2bc5eb8f-ac11-4333-b17f-37d8c14943a4}</UniqueIdentifier>
    </Filter>
    <Filter Include="Source Files\Interpreter">
      <UniqueIdentifier>{01759b34-b972-4277-a116-ab10c8333d66}</UniqueIdentifier>
    </Filter>
    <Filter Include="Source Files\Module\Navi\NaviInitMediator">
      <UniqueIdentifier>{dc5e719b-19aa-455a-b534-3e99d96590f6}</UniqueIdentifier>
    </Filter>
    <Filter Include="Source Files\Module\Navi\NaviInitMediator\Mediator">
      <UniqueIdentifier>{3268013f-5079-4a99-a435-b0eabe813901}</UniqueIdentifier>
    </Filter>
    <Filter Include="Source Files\Module\Navi\NaviInitMediator\Colleague">
      <UniqueIdentifier>{aec8152f-133a-42a2-96ae-9bb1461c7523}</UniqueIdentifier>
    </Filter>
    <Filter Include="Source Files\Module\Navi\NaviObserver">
      <UniqueIdentifier>{e35a4773-665c-42f5-9492-34cf4a89c2a8}</UniqueIdentifier>
    </Filter>
    <Filter Include="Source Files\Module\Audio">
      <UniqueIdentifier>{67f012e9-788e-40e3-84d5-e04cdb37cc7d}</UniqueIdentifier>
    </Filter>
    <Filter Include="Source Files\Module\Audio\LG">
      <UniqueIdentifier>{e453b4b5-4c90-4ec0-ad62-9899bde75398}</UniqueIdentifier>
    </Filter>
    <Filter Include="Source Files\Module\Audio\Mobis">
      <UniqueIdentifier>{ececd23e-9c54-4d57-96d7-bd7324becfe1}</UniqueIdentifier>
    </Filter>
    <Filter Include="Source Files\Module\Navi\NaviStateManager">
      <UniqueIdentifier>{94b16e75-3f23-4503-8ee6-1e3b6ecc6bb3}</UniqueIdentifier>
    </Filter>
    <Filter Include="Source Files\Module\Navi\NaviStateManager\State">
      <UniqueIdentifier>{5bd30410-3155-465d-ae3d-822dd2153232}</UniqueIdentifier>
    </Filter>
  </ItemGroup>
  <ItemGroup>
    <ClCompile Include="Client.cpp">
      <Filter>Source Files</Filter>
    </ClCompile>
    <ClCompile Include="Store\Store.cpp">
      <Filter>Source Files\Store</Filter>
    </ClCompile>
    <ClCompile Include="AudioFactory.cpp">
      <Filter>Source Files\Module\Audio</Filter>
    </ClCompile>
    <ClCompile Include="AudioModuleLG.cpp">
      <Filter>Source Files\Module\Audio\LG</Filter>
    </ClCompile>
    <ClCompile Include="AudioModeMobis.cpp">
      <Filter>Source Files\Module\Audio\Mobis</Filter>
    </ClCompile>
    <ClCompile Include="VideoModuleLG.cpp">
      <Filter>Source Files\Module\Video\LG</Filter>
    </ClCompile>
    <ClCompile Include="VideoModuleMobis.cpp">
      <Filter>Source Files\Module\Video\Mobis</Filter>
    </ClCompile>
    <ClCompile Include="VideoFactory.cpp">
      <Filter>Source Files\Module\Video</Filter>
    </ClCompile>
    <ClCompile Include="StoreAdapter.cpp">
      <Filter>Source Files\Adapter</Filter>
    </ClCompile>
    <ClCompile Include="NaviFactory.cpp">
      <Filter>Source Files\Module\Navi</Filter>
    </ClCompile>
    <ClCompile Include="NaviModuleLG.cpp">
      <Filter>Source Files\Module\Navi\LG</Filter>
    </ClCompile>
    <ClCompile Include="NaviModuleMobis.cpp">
      <Filter>Source Files\Module\Navi\Mobis</Filter>
    </ClCompile>
    <ClCompile Include="NaviModule.cpp">
      <Filter>Source Files\Module\Navi</Filter>
    </ClCompile>
    <ClCompile Include="MemoryMonitor\NaviMemory.cpp">
      <Filter>Source Files\Module\Navi\MemoryMonitor</Filter>
    </ClCompile>
    <ClCompile Include="MemoryMonitor\RoutePlanningMemory.cpp">
      <Filter>Source Files\Module\Navi\MemoryMonitor</Filter>
    </ClCompile>
    <ClCompile Include="MemoryMonitor\SearchMemory.cpp">
      <Filter>Source Files\Module\Navi\MemoryMonitor</Filter>
    </ClCompile>
    <ClCompile Include="MemoryMonitor\MapDisplayMemory.cpp">
      <Filter>Source Files\Module\Navi\MemoryMonitor</Filter>
    </ClCompile>
    <ClCompile Include="CpuMonitor\MapDisplayCpu.cpp">
      <Filter>Source Files\Module\Navi\CpuMonitor</Filter>
    </ClCompile>
    <ClCompile Include="CpuMonitor\NaviCpu.cpp">
      <Filter>Source Files\Module\Navi\CpuMonitor</Filter>
    </ClCompile>
    <ClCompile Include="CpuMonitor\RoutePlanningCpu.cpp">
      <Filter>Source Files\Module\Navi\CpuMonitor</Filter>
    </ClCompile>
    <ClCompile Include="CpuMonitor\SearchCpu.cpp">
      <Filter>Source Files\Module\Navi\CpuMonitor</Filter>
    </ClCompile>
    <ClCompile Include="AVNServiceFacade.cpp">
      <Filter>Source Files</Filter>
    </ClCompile>
    <ClCompile Include="CDrawCache.cpp">
      <Filter>Source Files</Filter>
    </ClCompile>
    <ClCompile Include="Expression.cpp">
      <Filter>Source Files\Interpreter</Filter>
    </ClCompile>
    <ClCompile Include="BuyExpression.cpp">
      <Filter>Source Files\Interpreter</Filter>
    </ClCompile>
    <ClCompile Include="HowMuchExpression.cpp">
      <Filter>Source Files\Interpreter</Filter>
    </ClCompile>
    <ClCompile Include="VendorExpression.cpp">
      <Filter>Source Files\Interpreter</Filter>
    </ClCompile>
    <ClCompile Include="Kiosk.cpp">
      <Filter>Source Files\Interpreter</Filter>
    </ClCompile>
    <ClCompile Include="CDrawer.cpp">
      <Filter>Source Files\Module\Navi\DrawCache</Filter>
    </ClCompile>
    <ClCompile Include="InitMediator.cpp">
      <Filter>Source Files\Module\Navi\NaviInitMediator</Filter>
    </ClCompile>
    <ClCompile Include="NaviInitMediator.cpp">
      <Filter>Source Files\Module\Navi\NaviInitMediator\Mediator</Filter>
    </ClCompile>
    <ClCompile Include="ModuleItem.cpp">
      <Filter>Source Files\Module\Navi\NaviInitMediator\Colleague</Filter>
    </ClCompile>
    <ClCompile Include="Observer\Observer\NaviObserver\RPRunningObserver.cpp">
      <Filter>Source Files\Module\Navi\NaviObserver</Filter>
    </ClCompile>
    <ClCompile Include="Observer\Observer\Observer.cpp">
      <Filter>Source Files\Module\Navi\NaviObserver</Filter>
    </ClCompile>
    <ClCompile Include="Observer\Subject\NaviSubject\ISSubject.cpp">
      <Filter>Source Files\Module\Navi\NaviObserver</Filter>
    </ClCompile>
    <ClCompile Include="Observer\Subject\NaviSubject\MDSubject.cpp">
      <Filter>Source Files\Module\Navi\NaviObserver</Filter>
    </ClCompile>
    <ClCompile Include="Observer\Subject\NaviSubject\RPSubject.cpp">
      <Filter>Source Files\Module\Navi\NaviObserver</Filter>
    </ClCompile>
    <ClCompile Include="Observer\Subject\Subject.cpp">
      <Filter>Source Files\Module\Navi\NaviObserver</Filter>
    </ClCompile>
    <ClCompile Include="NaviStateManager\NaviStateManager.cpp">
      <Filter>Source Files\Module\Navi\NaviStateManager</Filter>
    </ClCompile>
    <ClCompile Include="NaviStateManager\State\TurnOffNaviState.cpp">
      <Filter>Source Files\Module\Navi\NaviStateManager\State</Filter>
    </ClCompile>
    <ClCompile Include="NaviStateManager\State\TurnOnNaviState.cpp">
      <Filter>Source Files\Module\Navi\NaviStateManager\State</Filter>
    </ClCompile>
    <ClCompile Include="NaviStateManager\State\NaviState.cpp">
      <Filter>Source Files\Module\Navi\NaviStateManager\State</Filter>
    </ClCompile>
    <ClCompile Include="NaviStateManager\State\RpRunningNaviState.cpp">
      <Filter>Source Files\Module\Navi\NaviStateManager\State</Filter>
    </ClCompile>
  </ItemGroup>
  <ItemGroup>
    <ClInclude Include="Store\Store.h">
      <Filter>Source Files\Store</Filter>
    </ClInclude>
    <ClInclude Include="AudioFactory.h">
      <Filter>Source Files\Module\Audio</Filter>
    </ClInclude>
    <ClInclude Include="Module.h">
      <Filter>Source Files\Module</Filter>
    </ClInclude>
    <ClInclude Include="AudioModuleLG.h">
      <Filter>Source Files\Module\Audio\LG</Filter>
    </ClInclude>
    <ClInclude Include="AudioModeMobis.h">
      <Filter>Source Files\Module\Audio\Mobis</Filter>
    </ClInclude>
    <ClInclude Include="VideoFactory.h">
      <Filter>Source Files\Module\Video</Filter>
    </ClInclude>
    <ClInclude Include="VideoModuleLG.h">
      <Filter>Source Files\Module\Video\LG</Filter>
    </ClInclude>
    <ClInclude Include="VideoModuleMobis.h">
      <Filter>Source Files\Module\Video\Mobis</Filter>
    </ClInclude>
    <ClInclude Include="StoreAdapter.h">
      <Filter>Source Files\Adapter</Filter>
    </ClInclude>
    <ClInclude Include="NaviFactory.h">
      <Filter>Source Files\Module\Navi</Filter>
    </ClInclude>
    <ClInclude Include="NaviModuleLG.h">
      <Filter>Source Files\Module\Navi\LG</Filter>
    </ClInclude>
    <ClInclude Include="NaviModuleMobis.h">
      <Filter>Source Files\Module\Navi\Mobis</Filter>
    </ClInclude>
    <ClInclude Include="NaviModule.h">
      <Filter>Source Files\Module\Navi</Filter>
    </ClInclude>
    <ClInclude Include="MemoryMonitor\NaviMemory.h">
      <Filter>Source Files\Module\Navi\MemoryMonitor</Filter>
    </ClInclude>
    <ClInclude Include="MemoryMonitor\RoutePlanningMemory.h">
      <Filter>Source Files\Module\Navi\MemoryMonitor</Filter>
    </ClInclude>
    <ClInclude Include="MemoryMonitor\SearchMemory.h">
      <Filter>Source Files\Module\Navi\MemoryMonitor</Filter>
    </ClInclude>
    <ClInclude Include="MemoryMonitor\MapDisplayMemory.h">
      <Filter>Source Files\Module\Navi\MemoryMonitor</Filter>
    </ClInclude>
    <ClInclude Include="MemoryMonitor\ModuleMemory.h">
      <Filter>Source Files\Module\Navi\MemoryMonitor</Filter>
    </ClInclude>
    <ClInclude Include="CpuMonitor\MapDisplayCpu.h">
      <Filter>Source Files\Module\Navi\CpuMonitor</Filter>
    </ClInclude>
    <ClInclude Include="CpuMonitor\ModuleCpu.h">
      <Filter>Source Files\Module\Navi\CpuMonitor</Filter>
    </ClInclude>
    <ClInclude Include="CpuMonitor\NaviCpu.h">
      <Filter>Source Files\Module\Navi\CpuMonitor</Filter>
    </ClInclude>
    <ClInclude Include="CpuMonitor\RoutePlanningCpu.h">
      <Filter>Source Files\Module\Navi\CpuMonitor</Filter>
    </ClInclude>
    <ClInclude Include="CpuMonitor\SearchCpu.h">
      <Filter>Source Files\Module\Navi\CpuMonitor</Filter>
    </ClInclude>
    <ClInclude Include="AVNServiceFacade.h">
      <Filter>Source Files</Filter>
    </ClInclude>
    <ClInclude Include="CDrawCache.h">
      <Filter>Header Files</Filter>
    </ClInclude>
    <ClInclude Include="Expression.h">
      <Filter>Source Files\Interpreter</Filter>
    </ClInclude>
    <ClInclude Include="BuyExpression.h">
      <Filter>Source Files\Interpreter</Filter>
    </ClInclude>
    <ClInclude Include="HowMuchExpression.h">
      <Filter>Source Files\Interpreter</Filter>
    </ClInclude>
    <ClInclude Include="VendorExpression.h">
      <Filter>Source Files\Interpreter</Filter>
    </ClInclude>
    <ClInclude Include="Kiosk.h">
      <Filter>Source Files\Interpreter</Filter>
    </ClInclude>
    <ClInclude Include="CDrawer.h">
      <Filter>Source Files\Module\Navi\DrawCache</Filter>
    </ClInclude>
    <ClInclude Include="DrawerMD.h">
      <Filter>Source Files\Module\Navi\DrawCache</Filter>
    </ClInclude>
    <ClInclude Include="InitMediator.h">
      <Filter>Source Files\Module\Navi\NaviInitMediator</Filter>
    </ClInclude>
    <ClInclude Include="ISModule.h">
      <Filter>Source Files\Module\Navi\NaviInitMediator\Colleague</Filter>
    </ClInclude>
    <ClInclude Include="ModuleItem.h">
      <Filter>Source Files\Module\Navi\NaviInitMediator\Colleague</Filter>
    </ClInclude>
    <ClInclude Include="RPModule.h">
      <Filter>Source Files\Module\Navi\NaviInitMediator\Colleague</Filter>
    </ClInclude>
    <ClInclude Include="NaviInitMediator.h">
      <Filter>Source Files\Module\Navi\NaviInitMediator\Mediator</Filter>
    </ClInclude>
    <ClInclude Include="Observer\Observer\NaviObserver\RPRunningObserver.h">
      <Filter>Source Files\Module\Navi\NaviObserver</Filter>
    </ClInclude>
    <ClInclude Include="Observer\Observer\Observer.h">
      <Filter>Source Files\Module\Navi\NaviObserver</Filter>
    </ClInclude>
    <ClInclude Include="Observer\Subject\NaviSubject\ISSubject.hpp">
      <Filter>Source Files\Module\Navi\NaviObserver</Filter>
    </ClInclude>
    <ClInclude Include="Observer\Subject\NaviSubject\MDSubject.hpp">
      <Filter>Source Files\Module\Navi\NaviObserver</Filter>
    </ClInclude>
    <ClInclude Include="Observer\Subject\NaviSubject\RPSubject.hpp">
      <Filter>Source Files\Module\Navi\NaviObserver</Filter>
    </ClInclude>
    <ClInclude Include="Observer\Subject\Subject.hpp">
      <Filter>Source Files\Module\Navi\NaviObserver</Filter>
    </ClInclude>
    <ClInclude Include="NaviStateManager\NaviStateManager.h">
      <Filter>Source Files\Module\Navi\NaviStateManager</Filter>
    </ClInclude>
    <ClInclude Include="NaviStateManager\State\RpRunningNaviState.h">
      <Filter>Source Files\Module\Navi\NaviStateManager\State</Filter>
    </ClInclude>
    <ClInclude Include="NaviStateManager\State\TurnOffNaviState.h">
      <Filter>Source Files\Module\Navi\NaviStateManager\State</Filter>
    </ClInclude>
    <ClInclude Include="NaviStateManager\State\TurnOnNaviState.h">
      <Filter>Source Files\Module\Navi\NaviStateManager\State</Filter>
    </ClInclude>
    <ClInclude Include="NaviStateManager\State\NaviState.h">
      <Filter>Source Files\Module\Navi\NaviStateManager\State</Filter>
    </ClInclude>
  </ItemGroup>
</Project>