
Microsoft Visual Studio Solution File, Format Version 12.00
# Visual Studio 15
VisualStudioVersion = 15.0.28307.572
MinimumVisualStudioVersion = 10.0.40219.1
Project("{8BC9CEB8-8B4A-11D0-8D11-00A0C91BC942}") = "AbstarctPattern", "AbstarctPattern\AbstarctPattern.vcxproj", "{F208198F-9A62-4144-A9D8-51F60176CC23}"
EndProject
Global
	GlobalSection(SolutionConfigurationPlatforms) = preSolution
		Debug|x64 = Debug|x64
		Debug|x86 = Debug|x86
		Release|x64 = Release|x64
		Release|x86 = Release|x86
	EndGlobalSection
	GlobalSection(ProjectConfigurationPlatforms) = postSolution
		{F208198F-9A62-4144-A9D8-51F60176CC23}.Debug|x64.ActiveCfg = Debug|x64
		{F208198F-9A62-4144-A9D8-51F60176CC23}.Debug|x64.Build.0 = Debug|x64
		{F208198F-9A62-4144-A9D8-51F60176CC23}.Debug|x86.ActiveCfg = Debug|Win32
		{F208198F-9A62-4144-A9D8-51F60176CC23}.Debug|x86.Build.0 = Debug|Win32
		{F208198F-9A62-4144-A9D8-51F60176CC23}.Release|x64.ActiveCfg = Release|x64
		{F208198F-9A62-4144-A9D8-51F60176CC23}.Release|x64.Build.0 = Release|x64
		{F208198F-9A62-4144-A9D8-51F60176CC23}.Release|x86.ActiveCfg = Release|Win32
		{F208198F-9A62-4144-A9D8-51F60176CC23}.Release|x86.Build.0 = Release|Win32
	EndGlobalSection
	GlobalSection(SolutionProperties) = preSolution
		HideSolutionNode = FALSE
	EndGlobalSection
	GlobalSection(ExtensibilityGlobals) = postSolution
		SolutionGuid = {A710FD31-99A4-493B-AC5A-5EA7640B6593}
	EndGlobalSection
EndGlobal
