<?xml version="1.0" encoding="utf-8"?>
<Project ToolsVersion="4.0" xmlns="http://schemas.microsoft.com/developer/msbuild/2003">
  <ItemGroup>
    <Filter Include="Source Files">
      <UniqueIdentifier>{4FC737F1-C7A5-4376-A066-2A32D752A2FF}</UniqueIdentifier>
      <Extensions>cpp;c;cc;cxx;def;odl;idl;hpj;bat;asm;asmx</Extensions>
    </Filter>
    <Filter Include="Header Files">
      <UniqueIdentifier>{93995380-89BD-4b04-88EB-625FBE52EBFB}</UniqueIdentifier>
      <Extensions>h;hh;hpp;hxx;hm;inl;inc;ipp;xsd</Extensions>
    </Filter>
    <Filter Include="Resource Files">
      <UniqueIdentifier>{67DA6AB6-F800-4c08-8B7A-83BB121AAD01}</UniqueIdentifier>
      <Extensions>rc;ico;cur;bmp;dlg;rc2;rct;bin;rgs;gif;jpg;jpeg;jpe;resx;tiff;tif;png;wav;mfcribbon-ms</Extensions>
    </Filter>
    <Filter Include="Source Files\Component">
      <UniqueIdentifier>{e14221c5-6914-4dfd-be34-d89b88f23b14}</UniqueIdentifier>
    </Filter>
    <Filter Include="Source Files\Leaf">
      <UniqueIdentifier>{29e1843f-6ccb-4452-a8b5-727348167da6}</UniqueIdentifier>
    </Filter>
    <Filter Include="Source Files\Composite">
      <UniqueIdentifier>{b01ece71-c543-4fcf-9483-bcb6e3ba2158}</UniqueIdentifier>
    </Filter>
  </ItemGroup>
  <ItemGroup>
    <ClCompile Include="Client.cpp">
      <Filter>Source Files</Filter>
    </ClCompile>
    <ClCompile Include="SearchMemory.cpp">
      <Filter>Source Files\Leaf</Filter>
    </ClCompile>
    <ClCompile Include="MapDisplayMemory.cpp">
      <Filter>Source Files\Leaf</Filter>
    </ClCompile>
    <ClCompile Include="RoutePlanningMemory.cpp">
      <Filter>Source Files\Leaf</Filter>
    </ClCompile>
    <ClCompile Include="NaviMemory.cpp">
      <Filter>Source Files\Composite</Filter>
    </ClCompile>
  </ItemGroup>
  <ItemGroup>
    <ClInclude Include="ModuleMemory.h">
      <Filter>Source Files\Component</Filter>
    </ClInclude>
    <ClInclude Include="SearchMemory.h">
      <Filter>Source Files\Leaf</Filter>
    </ClInclude>
    <ClInclude Include="MapDisplayMemory.h">
      <Filter>Source Files\Leaf</Filter>
    </ClInclude>
    <ClInclude Include="RoutePlanningMemory.h">
      <Filter>Source Files\Leaf</Filter>
    </ClInclude>
    <ClInclude Include="NaviMemory.h">
      <Filter>Source Files\Composite</Filter>
    </ClInclude>
  </ItemGroup>
</Project>